
Microsoft Visual Studio Solution File, Format Version 12.00
# Visual Studio Version 16
VisualStudioVersion = 16.0.30011.22
MinimumVisualStudioVersion = 10.0.40219.1
Project("{FAE04EC0-301F-11D3-BF4B-00C04F79EFBC}") = "CountDownTimer.Android", "CountDownTimer\CountDownTimer.Android\CountDownTimer.Android.csproj", "{D812CCD9-9C06-48FB-B0FA-60BF7A63A40D}"
EndProject
Project("{FAE04EC0-301F-11D3-BF4B-00C04F79EFBC}") = "CountDownTimer.iOS", "CountDownTimer\CountDownTimer.iOS\CountDownTimer.iOS.csproj", "{09992377-D905-45A9-9EE9-F7C22B2B85BB}"
EndProject
Project("{FAE04EC0-301F-11D3-BF4B-00C04F79EFBC}") = "CountDownTimer", "CountDownTimer\CountDownTimer\CountDownTimer.csproj", "{1CE679DC-1EE7-4226-A346-CB7976821F5A}"
EndProject
Global
	GlobalSection(SolutionConfigurationPlatforms) = preSolution
		Debug|Any CPU = Debug|Any CPU
		Debug|iPhone = Debug|iPhone
		Debug|iPhoneSimulator = Debug|iPhoneSimulator
		Release|Any CPU = Release|Any CPU
		Release|iPhone = Release|iPhone
		Release|iPhoneSimulator = Release|iPhoneSimulator
	EndGlobalSection
	GlobalSection(ProjectConfigurationPlatforms) = postSolution
		{D812CCD9-9C06-48FB-B0FA-60BF7A63A40D}.Debug|Any CPU.ActiveCfg = Debug|Any CPU
		{D812CCD9-9C06-48FB-B0FA-60BF7A63A40D}.Debug|Any CPU.Build.0 = Debug|Any CPU
		{D812CCD9-9C06-48FB-B0FA-60BF7A63A40D}.Debug|Any CPU.Deploy.0 = Debug|Any CPU
		{D812CCD9-9C06-48FB-B0FA-60BF7A63A40D}.Debug|iPhone.ActiveCfg = Debug|Any CPU
		{D812CCD9-9C06-48FB-B0FA-60BF7A63A40D}.Debug|iPhone.Build.0 = Debug|Any CPU
		{D812CCD9-9C06-48FB-B0FA-60BF7A63A40D}.Debug|iPhone.Deploy.0 = Debug|Any CPU
		{D812CCD9-9C06-48FB-B0FA-60BF7A63A40D}.Debug|iPhoneSimulator.ActiveCfg = Debug|Any CPU
		{D812CCD9-9C06-48FB-B0FA-60BF7A63A40D}.Debug|iPhoneSimulator.Build.0 = Debug|Any CPU
		{D812CCD9-9C06-48FB-B0FA-60BF7A63A40D}.Debug|iPhoneSimulator.Deploy.0 = Debug|Any CPU
		{D812CCD9-9C06-48FB-B0FA-60BF7A63A40D}.Release|Any CPU.ActiveCfg = Release|Any CPU
		{D812CCD9-9C06-48FB-B0FA-60BF7A63A40D}.Release|Any CPU.Build.0 = Release|Any CPU
		{D812CCD9-9C06-48FB-B0FA-60BF7A63A40D}.Release|Any CPU.Deploy.0 = Release|Any CPU
		{D812CCD9-9C06-48FB-B0FA-60BF7A63A40D}.Release|iPhone.ActiveCfg = Release|Any CPU
		{D812CCD9-9C06-48FB-B0FA-60BF7A63A40D}.Release|iPhone.Build.0 = Release|Any CPU
		{D812CCD9-9C06-48FB-B0FA-60BF7A63A40D}.Release|iPhone.Deploy.0 = Release|Any CPU
		{D812CCD9-9C06-48FB-B0FA-60BF7A63A40D}.Release|iPhoneSimulator.ActiveCfg = Release|Any CPU
		{D812CCD9-9C06-48FB-B0FA-60BF7A63A40D}.Release|iPhoneSimulator.Build.0 = Release|Any CPU
		{D812CCD9-9C06-48FB-B0FA-60BF7A63A40D}.Release|iPhoneSimulator.Deploy.0 = Release|Any CPU
		{09992377-D905-45A9-9EE9-F7C22B2B85BB}.Debug|Any CPU.ActiveCfg = Debug|iPhone
		{09992377-D905-45A9-9EE9-F7C22B2B85BB}.Debug|Any CPU.Build.0 = Debug|iPhone
		{09992377-D905-45A9-9EE9-F7C22B2B85BB}.Debug|Any CPU.Deploy.0 = Debug|iPhone
		{09992377-D905-45A9-9EE9-F7C22B2B85BB}.Debug|iPhone.ActiveCfg = Debug|iPhone
		{09992377-D905-45A9-9EE9-F7C22B2B85BB}.Debug|iPhone.Build.0 = Debug|iPhone
		{09992377-D905-45A9-9EE9-F7C22B2B85BB}.Debug|iPhone.Deploy.0 = Debug|iPhone
		{09992377-D905-45A9-9EE9-F7C22B2B85BB}.Debug|iPhoneSimulator.ActiveCfg = Debug|iPhoneSimulator
		{09992377-D905-45A9-9EE9-F7C22B2B85BB}.Debug|iPhoneSimulator.Build.0 = Debug|iPhoneSimulator
		{09992377-D905-45A9-9EE9-F7C22B2B85BB}.Debug|iPhoneSimulator.Deploy.0 = Debug|iPhoneSimulator
		{09992377-D905-45A9-9EE9-F7C22B2B85BB}.Release|Any CPU.ActiveCfg = Release|iPhone
		{09992377-D905-45A9-9EE9-F7C22B2B85BB}.Release|Any CPU.Build.0 = Release|iPhone
		{09992377-D905-45A9-9EE9-F7C22B2B85BB}.Release|Any CPU.Deploy.0 = Release|iPhone
		{09992377-D905-45A9-9EE9-F7C22B2B85BB}.Release|iPhone.ActiveCfg = Release|iPhone
		{09992377-D905-45A9-9EE9-F7C22B2B85BB}.Release|iPhone.Build.0 = Release|iPhone
		{09992377-D905-45A9-9EE9-F7C22B2B85BB}.Release|iPhone.Deploy.0 = Release|iPhone
		{09992377-D905-45A9-9EE9-F7C22B2B85BB}.Release|iPhoneSimulator.ActiveCfg = Release|iPhoneSimulator
		{09992377-D905-45A9-9EE9-F7C22B2B85BB}.Release|iPhoneSimulator.Build.0 = Release|iPhoneSimulator
		{09992377-D905-45A9-9EE9-F7C22B2B85BB}.Release|iPhoneSimulator.Deploy.0 = Release|iPhoneSimulator
		{1CE679DC-1EE7-4226-A346-CB7976821F5A}.Debug|Any CPU.ActiveCfg = Debug|Any CPU
		{1CE679DC-1EE7-4226-A346-CB7976821F5A}.Debug|Any CPU.Build.0 = Debug|Any CPU
		{1CE679DC-1EE7-4226-A346-CB7976821F5A}.Debug|Any CPU.Deploy.0 = Debug|Any CPU
		{1CE679DC-1EE7-4226-A346-CB7976821F5A}.Debug|iPhone.ActiveCfg = Debug|Any CPU
		{1CE679DC-1EE7-4226-A346-CB7976821F5A}.Debug|iPhone.Build.0 = Debug|Any CPU
		{1CE679DC-1EE7-4226-A346-CB7976821F5A}.Debug|iPhone.Deploy.0 = Debug|Any CPU
		{1CE679DC-1EE7-4226-A346-CB7976821F5A}.Debug|iPhoneSimulator.ActiveCfg = Debug|Any CPU
		{1CE679DC-1EE7-4226-A346-CB7976821F5A}.Debug|iPhoneSimulator.Build.0 = Debug|Any CPU
		{1CE679DC-1EE7-4226-A346-CB7976821F5A}.Debug|iPhoneSimulator.Deploy.0 = Debug|Any CPU
		{1CE679DC-1EE7-4226-A346-CB7976821F5A}.Release|Any CPU.ActiveCfg = Release|Any CPU
		{1CE679DC-1EE7-4226-A346-CB7976821F5A}.Release|Any CPU.Build.0 = Release|Any CPU
		{1CE679DC-1EE7-4226-A346-CB7976821F5A}.Release|Any CPU.Deploy.0 = Release|Any CPU
		{1CE679DC-1EE7-4226-A346-CB7976821F5A}.Release|iPhone.ActiveCfg = Release|Any CPU
		{1CE679DC-1EE7-4226-A346-CB7976821F5A}.Release|iPhone.Build.0 = Release|Any CPU
		{1CE679DC-1EE7-4226-A346-CB7976821F5A}.Release|iPhone.Deploy.0 = Release|Any CPU
		{1CE679DC-1EE7-4226-A346-CB7976821F5A}.Release|iPhoneSimulator.ActiveCfg = Release|Any CPU
		{1CE679DC-1EE7-4226-A346-CB7976821F5A}.Release|iPhoneSimulator.Build.0 = Release|Any CPU
		{1CE679DC-1EE7-4226-A346-CB7976821F5A}.Release|iPhoneSimulator.Deploy.0 = Release|Any CPU
	EndGlobalSection
	GlobalSection(SolutionProperties) = preSolution
		HideSolutionNode = FALSE
	EndGlobalSection
	GlobalSection(ExtensibilityGlobals) = postSolution
		SolutionGuid = {BD6B563B-C176-4F33-A19B-7FE826504573}
	EndGlobalSection
EndGlobal
